// !$*UTF8*$!
{
	archiveVersion = 1;
	classes = {
	};
	objectVersion = 46;
	objects = {

/* Begin PBXBuildFile section */
		076C051E85781C30E4789619 /* Pods_Spot.framework in Frameworks */ = {isa = PBXBuildFile; fileRef = 6DEA76F988EC5F7CEA4BCEAD /* Pods_Spot.framework */; };
		91A286261DD63D1F0094FF96 /* AppDelegate.swift in Sources */ = {isa = PBXBuildFile; fileRef = 91A286251DD63D1F0094FF96 /* AppDelegate.swift */; };
		91A286281DD63D1F0094FF96 /* TableViewController.swift in Sources */ = {isa = PBXBuildFile; fileRef = 91A286271DD63D1F0094FF96 /* TableViewController.swift */; };
		91A2862B1DD63D1F0094FF96 /* Main.storyboard in Resources */ = {isa = PBXBuildFile; fileRef = 91A286291DD63D1F0094FF96 /* Main.storyboard */; };
		91A2862D1DD63D1F0094FF96 /* Assets.xcassets in Resources */ = {isa = PBXBuildFile; fileRef = 91A2862C1DD63D1F0094FF96 /* Assets.xcassets */; };
		91A286301DD63D1F0094FF96 /* LaunchScreen.storyboard in Resources */ = {isa = PBXBuildFile; fileRef = 91A2862E1DD63D1F0094FF96 /* LaunchScreen.storyboard */; };
		91A286381DD799D00094FF96 /* AudioVC.swift in Sources */ = {isa = PBXBuildFile; fileRef = 91A286371DD799D00094FF96 /* AudioVC.swift */; };
/* End PBXBuildFile section */

/* Begin PBXFileReference section */
		2C9B8279E5A609679B2053E7 /* Pods-Spot.release.xcconfig */ = {isa = PBXFileReference; includeInIndex = 1; lastKnownFileType = text.xcconfig; name = "Pods-Spot.release.xcconfig"; path = "Pods/Target Support Files/Pods-Spot/Pods-Spot.release.xcconfig"; sourceTree = "<group>"; };
		50C11821F6D823A214DF0659 /* Pods-Spot.debug.xcconfig */ = {isa = PBXFileReference; includeInIndex = 1; lastKnownFileType = text.xcconfig; name = "Pods-Spot.debug.xcconfig"; path = "Pods/Target Support Files/Pods-Spot/Pods-Spot.debug.xcconfig"; sourceTree = "<group>"; };
		6DEA76F988EC5F7CEA4BCEAD /* Pods_Spot.framework */ = {isa = PBXFileReference; explicitFileType = wrapper.framework; includeInIndex = 0; path = Pods_Spot.framework; sourceTree = BUILT_PRODUCTS_DIR; };
		91A286221DD63D1F0094FF96 /* Spot.app */ = {isa = PBXFileReference; explicitFileType = wrapper.application; includeInIndex = 0; path = Spot.app; sourceTree = BUILT_PRODUCTS_DIR; };
		91A286251DD63D1F0094FF96 /* AppDelegate.swift */ = {isa = PBXFileReference; lastKnownFileType = sourcecode.swift; path = AppDelegate.swift; sourceTree = "<group>"; };
		91A286271DD63D1F0094FF96 /* TableViewController.swift */ = {isa = PBXFileReference; lastKnownFileType = sourcecode.swift; path = TableViewController.swift; sourceTree = "<group>"; };
		91A2862A1DD63D1F0094FF96 /* Base */ = {isa = PBXFileReference; lastKnownFileType = file.storyboard; name = Base; path = Base.lproj/Main.storyboard; sourceTree = "<group>"; };
		91A2862C1DD63D1F0094FF96 /* Assets.xcassets */ = {isa = PBXFileReference; lastKnownFileType = folder.assetcatalog; path = Assets.xcassets; sourceTree = "<group>"; };
		91A2862F1DD63D1F0094FF96 /* Base */ = {isa = PBXFileReference; lastKnownFileType = file.storyboard; name = Base; path = Base.lproj/LaunchScreen.storyboard; sourceTree = "<group>"; };
		91A286311DD63D1F0094FF96 /* Info.plist */ = {isa = PBXFileReference; lastKnownFileType = text.plist.xml; path = Info.plist; sourceTree = "<group>"; };
		91A286371DD799D00094FF96 /* AudioVC.swift */ = {isa = PBXFileReference; fileEncoding = 4; lastKnownFileType = sourcecode.swift; path = AudioVC.swift; sourceTree = "<group>"; };
/* End PBXFileReference section */

/* Begin PBXFrameworksBuildPhase section */
		91A2861F1DD63D1E0094FF96 /* Frameworks */ = {
			isa = PBXFrameworksBuildPhase;
			buildActionMask = 2147483647;
			files = (
				076C051E85781C30E4789619 /* Pods_Spot.framework in Frameworks */,
			);
			runOnlyForDeploymentPostprocessing = 0;
		};
/* End PBXFrameworksBuildPhase section */

/* Begin PBXGroup section */
		8B7370A25C09301C8920FA38 /* Pods */ = {
			isa = PBXGroup;
			children = (
				50C11821F6D823A214DF0659 /* Pods-Spot.debug.xcconfig */,
				2C9B8279E5A609679B2053E7 /* Pods-Spot.release.xcconfig */,
			);
			name = Pods;
			sourceTree = "<group>";
		};
		91A286191DD63D1E0094FF96 = {
			isa = PBXGroup;
			children = (
				91A286241DD63D1F0094FF96 /* Spot */,
				91A286231DD63D1F0094FF96 /* Products */,
				8B7370A25C09301C8920FA38 /* Pods */,
				D628B1B3371209F4E305E60A /* Frameworks */,
			);
			sourceTree = "<group>";
		};
		91A286231DD63D1F0094FF96 /* Products */ = {
			isa = PBXGroup;
			children = (
				91A286221DD63D1F0094FF96 /* Spot.app */,
			);
			name = Products;
			sourceTree = "<group>";
		};
		91A286241DD63D1F0094FF96 /* Spot */ = {
			isa = PBXGroup;
			children = (
				91A286251DD63D1F0094FF96 /* AppDelegate.swift */,
				91A286271DD63D1F0094FF96 /* TableViewController.swift */,
				91A286291DD63D1F0094FF96 /* Main.storyboard */,
				91A286371DD799D00094FF96 /* AudioVC.swift */,
				91A2862C1DD63D1F0094FF96 /* Assets.xcassets */,
				91A2862E1DD63D1F0094FF96 /* LaunchScreen.storyboard */,
				91A286311DD63D1F0094FF96 /* Info.plist */,
			);
			path = Spot;
			sourceTree = "<group>";
		};
		D628B1B3371209F4E305E60A /* Frameworks */ = {
			isa = PBXGroup;
			children = (
				6DEA76F988EC5F7CEA4BCEAD /* Pods_Spot.framework */,
			);
			name = Frameworks;
			sourceTree = "<group>";
		};
/* End PBXGroup section */

/* Begin PBXNativeTarget section */
		91A286211DD63D1E0094FF96 /* Spot */ = {
			isa = PBXNativeTarget;
			buildConfigurationList = 91A286341DD63D1F0094FF96 /* Build configuration list for PBXNativeTarget "Spot" */;
			buildPhases = (
				1999F24DED26E9C6D178DB8C /* [CP] Check Pods Manifest.lock */,
				91A2861E1DD63D1E0094FF96 /* Sources */,
				91A2861F1DD63D1E0094FF96 /* Frameworks */,
				91A286201DD63D1E0094FF96 /* Resources */,
				4F21685307CC291EAB413DE3 /* [CP] Embed Pods Frameworks */,
				819B9DB3B75B0AE521D453E1 /* [CP] Copy Pods Resources */,
			);
			buildRules = (
			);
			dependencies = (
			);
			name = Spot;
			productName = Spot;
			productReference = 91A286221DD63D1F0094FF96 /* Spot.app */;
			productType = "com.apple.product-type.application";
		};
/* End PBXNativeTarget section */

/* Begin PBXProject section */
		91A2861A1DD63D1E0094FF96 /* Project object */ = {
			isa = PBXProject;
			attributes = {
				LastSwiftUpdateCheck = 0810;
				LastUpgradeCheck = 0810;
				ORGANIZATIONNAME = Bennett;
				TargetAttributes = {
					91A286211DD63D1E0094FF96 = {
						CreatedOnToolsVersion = 8.1;
						ProvisioningStyle = Automatic;
					};
				};
			};
			buildConfigurationList = 91A2861D1DD63D1E0094FF96 /* Build configuration list for PBXProject "Spot" */;
			compatibilityVersion = "Xcode 3.2";
			developmentRegion = English;
			hasScannedForEncodings = 0;
			knownRegions = (
				en,
				Base,
			);
			mainGroup = 91A286191DD63D1E0094FF96;
			productRefGroup = 91A286231DD63D1F0094FF96 /* Products */;
			projectDirPath = "";
			projectRoot = "";
			targets = (
				91A286211DD63D1E0094FF96 /* Spot */,
			);
		};
/* End PBXProject section */

/* Begin PBXResourcesBuildPhase section */
		91A286201DD63D1E0094FF96 /* Resources */ = {
			isa = PBXResourcesBuildPhase;
			buildActionMask = 2147483647;
			files = (
				91A286301DD63D1F0094FF96 /* LaunchScreen.storyboard in Resources */,
				91A2862D1DD63D1F0094FF96 /* Assets.xcassets in Resources */,
				91A2862B1DD63D1F0094FF96 /* Main.storyboard in Resources */,
			);
			runOnlyForDeploymentPostprocessing = 0;
		};
/* End PBXResourcesBuildPhase section */

/* Begin PBXShellScriptBuildPhase section */
		1999F24DED26E9C6D178DB8C /* [CP] Check Pods Manifest.lock */ = {
			isa = PBXShellScriptBuildPhase;
			buildActionMask = 2147483647;
			files = (
			);
			inputPaths = (
			);
			name = "[CP] Check Pods Manifest.lock";
			outputPaths = (
			);
			runOnlyForDeploymentPostprocessing = 0;
			shellPath = /bin/sh;
			shellScript = "diff \"${PODS_ROOT}/../Podfile.lock\" \"${PODS_ROOT}/Manifest.lock\" > /dev/null\nif [ $? != 0 ] ; then\n    # print error to STDERR\n    echo \"error: The sandbox is not in sync with the Podfile.lock. Run 'pod install' or update your CocoaPods installation.\" >&2\n    exit 1\nfi\n";
			showEnvVarsInLog = 0;
		};
		4F21685307CC291EAB413DE3 /* [CP] Embed Pods Frameworks */ = {
			isa = PBXShellScriptBuildPhase;
			buildActionMask = 2147483647;
			files = (
			);
			inputPaths = (
			);
			name = "[CP] Embed Pods Frameworks";
			outputPaths = (
			);
			runOnlyForDeploymentPostprocessing = 0;
			shellPath = /bin/sh;
			shellScript = "\"${SRCROOT}/Pods/Target Support Files/Pods-Spot/Pods-Spot-frameworks.sh\"\n";
			showEnvVarsInLog = 0;
		};
		819B9DB3B75B0AE521D453E1 /* [CP] Copy Pods Resources */ = {
			isa = PBXShellScriptBuildPhase;
			buildActionMask = 2147483647;
			files = (
			);
			inputPaths = (
			);
			name = "[CP] Copy Pods Resources";
			outputPaths = (
			);
			runOnlyForDeploymentPostprocessing = 0;
			shellPath = /bin/sh;
			shellScript = "\"${SRCROOT}/Pods/Target Support Files/Pods-Spot/Pods-Spot-resources.sh\"\n";
			showEnvVarsInLog = 0;
		};
/* End PBXShellScriptBuildPhase section */

/* Begin PBXSourcesBuildPhase section */
		91A2861E1DD63D1E0094FF96 /* Sources */ = {
			isa = PBXSourcesBuildPhase;
			buildActionMask = 2147483647;
			files = (
				91A286281DD63D1F0094FF96 /* TableViewController.swift in Sources */,
				91A286381DD799D00094FF96 /* AudioVC.swift in Sources */,
				91A286261DD63D1F0094FF96 /* AppDelegate.swift in Sources */,
			);
			runOnlyForDeploymentPostprocessing = 0;
		};
/* End PBXSourcesBuildPhase section */

/* Begin PBXVariantGroup section */
		91A286291DD63D1F0094FF96 /* Main.storyboard */ = {
			isa = PBXVariantGroup;
			children = (
				91A2862A1DD63D1F0094FF96 /* Base */,
			);
			name = Main.storyboard;
			sourceTree = "<group>";
		};
		91A2862E1DD63D1F0094FF96 /* LaunchScreen.storyboard */ = {
			isa = PBXVariantGroup;
			children = (
				91A2862F1DD63D1F0094FF96 /* Base */,
			);
			name = LaunchScreen.storyboard;
			sourceTree = "<group>";
		};
/* End PBXVariantGroup section */

/* Begin XCBuildConfiguration section */
		91A286321DD63D1F0094FF96 /* Debug */ = {
			isa = XCBuildConfiguration;
			buildSettings = {
				ALWAYS_SEARCH_USER_PATHS = NO;
				CLANG_ANALYZER_NONNULL = YES;
				CLANG_CXX_LANGUAGE_STANDARD = "gnu++0x";
				CLANG_CXX_LIBRARY = "libc++";
				CLANG_ENABLE_MODULES = YES;
				CLANG_ENABLE_OBJC_ARC = YES;
				CLANG_WARN_BOOL_CONVERSION = YES;
				CLANG_WARN_CONSTANT_CONVERSION = YES;
				CLANG_WARN_DIRECT_OBJC_ISA_USAGE = YES_ERROR;
				CLANG_WARN_DOCUMENTATION_COMMENTS = YES;
				CLANG_WARN_EMPTY_BODY = YES;
				CLANG_WARN_ENUM_CONVERSION = YES;
				CLANG_WARN_INFINITE_RECURSION = YES;
				CLANG_WARN_INT_CONVERSION = YES;
				CLANG_WARN_OBJC_ROOT_CLASS = YES_ERROR;
				CLANG_WARN_SUSPICIOUS_MOVE = YES;
				CLANG_WARN_SUSPICIOUS_MOVES = YES;
				CLANG_WARN_UNREACHABLE_CODE = YES;
				CLANG_WARN__DUPLICATE_METHOD_MATCH = YES;
				"CODE_SIGN_IDENTITY[sdk=iphoneos*]" = "iPhone Developer";
				COPY_PHASE_STRIP = NO;
				DEBUG_INFORMATION_FORMAT = dwarf;
				ENABLE_STRICT_OBJC_MSGSEND = YES;
				ENABLE_TESTABILITY = YES;
				GCC_C_LANGUAGE_STANDARD = gnu99;
				GCC_DYNAMIC_NO_PIC = NO;
				GCC_NO_COMMON_BLOCKS = YES;
				GCC_OPTIMIZATION_LEVEL = 0;
				GCC_PREPROCESSOR_DEFINITIONS = (
					"DEBUG=1",
					"$(inherited)",
				);
				GCC_WARN_64_TO_32_BIT_CONVERSION = YES;
				GCC_WARN_ABOUT_RETURN_TYPE = YES_ERROR;
				GCC_WARN_UNDECLARED_SELECTOR = YES;
				GCC_WARN_UNINITIALIZED_AUTOS = YES_AGGRESSIVE;
				GCC_WARN_UNUSED_FUNCTION = YES;
				GCC_WARN_UNUSED_VARIABLE = YES;
				IPHONEOS_DEPLOYMENT_TARGET = 10.1;
				MTL_ENABLE_DEBUG_INFO = YES;
				ONLY_ACTIVE_ARCH = YES;
				SDKROOT = iphoneos;
				SWIFT_ACTIVE_COMPILATION_CONDITIONS = DEBUG;
				SWIFT_OPTIMIZATION_LEVEL = "-Onone";
				TARGETED_DEVICE_FAMILY = "1,2";
			};
			name = Debug;
		};
		91A286331DD63D1F0094FF96 /* Release */ = {
			isa = XCBuildConfiguration;
			buildSettings = {
				ALWAYS_SEARCH_USER_PATHS = NO;
				CLANG_ANALYZER_NONNULL = YES;
				CLANG_CXX_LANGUAGE_STANDARD = "gnu++0x";
				CLANG_CXX_LIBRARY = "libc++";
				CLANG_ENABLE_MODULES = YES;
				CLANG_ENABLE_OBJC_ARC = YES;
				CLANG_WARN_BOOL_CONVERSION = YES;
				CLANG_WARN_CONSTANT_CONVERSION = YES;
				CLANG_WARN_DIRECT_OBJC_ISA_USAGE = YES_ERROR;
				CLANG_WARN_DOCUMENTATION_COMMENTS = YES;
				CLANG_WARN_EMPTY_BODY = YES;
				CLANG_WARN_ENUM_CONVERSION = YES;
				CLANG_WARN_INFINITE_RECURSION = YES;
				CLANG_WARN_INT_CONVERSION = YES;
				CLANG_WARN_OBJC_ROOT_CLASS = YES_ERROR;
				CLANG_WARN_SUSPICIOUS_MOVE = YES;
				CLANG_WARN_SUSPICIOUS_MOVES = YES;
				CLANG_WARN_UNREACHABLE_CODE = YES;
				CLANG_WARN__DUPLICATE_METHOD_MATCH = YES;
				"CODE_SIGN_IDENTITY[sdk=iphoneos*]" = "iPhone Developer";
				COPY_PHASE_STRIP = NO;
				DEBUG_INFORMATION_FORMAT = "dwarf-with-dsym";
				ENABLE_NS_ASSERTIONS = NO;
				ENABLE_STRICT_OBJC_MSGSEND = YES;
				GCC_C_LANGUAGE_STANDARD = gnu99;
				GCC_NO_COMMON_BLOCKS = YES;
				GCC_WARN_64_TO_32_BIT_CONVERSION = YES;
				GCC_WARN_ABOUT_RETURN_TYPE = YES_ERROR;
				GCC_WARN_UNDECLARED_SELECTOR = YES;
				GCC_WARN_UNINITIALIZED_AUTOS = YES_AGGRESSIVE;
				GCC_WARN_UNUSED_FUNCTION = YES;
				GCC_WARN_UNUSED_VARIABLE = YES;
				IPHONEOS_DEPLOYMENT_TARGET = 10.1;
				MTL_ENABLE_DEBUG_INFO = NO;
				SDKROOT = iphoneos;
				SWIFT_OPTIMIZATION_LEVEL = "-Owholemodule";
				TARGETED_DEVICE_FAMILY = "1,2";
				VALIDATE_PRODUCT = YES;
			};
			name = Release;
		};
		91A286351DD63D1F0094FF96 /* Debug */ = {
			isa = XCBuildConfiguration;
			baseConfigurationReference = 50C11821F6D823A214DF0659 /* Pods-Spot.debug.xcconfig */;
			buildSettings = {
				ALWAYS_EMBED_SWIFT_STANDARD_LIBRARIES = YES;
				ASSETCATALOG_COMPILER_APPICON_NAME = AppIcon;
				INFOPLIST_FILE = Spot/Info.plist;
				LD_RUNPATH_SEARCH_PATHS = "$(inherited) @executable_path/Frameworks";
				PRODUCT_BUNDLE_IDENTIFIER = com.Bennett.Spot;
				PRODUCT_NAME = "$(TARGET_NAME)";
				SWIFT_VERSION = 3.0;
			};
			name = Debug;
		};
		91A286361DD63D1F0094FF96 /* Release */ = {
			isa = XCBuildConfiguration;
			baseConfigurationReference = 2C9B8279E5A609679B2053E7 /* Pods-Spot.release.xcconfig */;
			buildSettings = {
				ALWAYS_EMBED_SWIFT_STANDARD_LIBRARIES = YES;
				ASSETCATALOG_COMPILER_APPICON_NAME = AppIcon;
				INFOPLIST_FILE = Spot/Info.plist;
				LD_RUNPATH_SEARCH_PATHS = "$(inherited) @executable_path/Frameworks";
				PRODUCT_BUNDLE_IDENTIFIER = com.Bennett.Spot;
				PRODUCT_NAME = "$(TARGET_NAME)";
				SWIFT_VERSION = 3.0;
			};
			name = Release;
		};
/* End XCBuildConfiguration section */

/* Begin XCConfigurationList section */
		91A2861D1DD63D1E0094FF96 /* Build configuration list for PBXProject "Spot" */ = {
			isa = XCConfigurationList;
			buildConfigurations = (
				91A286321DD63D1F0094FF96 /* Debug */,
				91A286331DD63D1F0094FF96 /* Release */,
			);
			defaultConfigurationIsVisible = 0;
			defaultConfigurationName = Release;
		};
		91A286341DD63D1F0094FF96 /* Build configuration list for PBXNativeTarget "Spot" */ = {
			isa = XCConfigurationList;
			buildConfigurations = (
				91A286351DD63D1F0094FF96 /* Debug */,
				91A286361DD63D1F0094FF96 /* Release */,
			);
			defaultConfigurationIsVisible = 0;
			defaultConfigurationName = Release;
		};
/* End XCConfigurationList section */
	};
	rootObject = 91A2861A1DD63D1E0094FF96 /* Project object */;
}
